
Microsoft Visual Studio Solution File, Format Version 12.00
# Visual Studio 2012
Project("{FAE04EC0-301F-11D3-BF4B-00C04F79EFBC}") = "MathLib", "MathLib\MathLib.csproj", "{17BCBFBA-A144-4F8F-9A2D-52D32BEE4537}"
EndProject
Project("{FAE04EC0-301F-11D3-BF4B-00C04F79EFBC}") = "MathLibUnitTests", "MathLibUnitTests\MathLibUnitTests.csproj", "{AFC467D3-609F-4F28-A42C-D13DB69FB743}"
EndProject
Global
	GlobalSection(TeamFoundationVersionControl) = preSolution
		SccNumberOfProjects = 3
		SccEnterpriseProvider = {4CA58AB2-18FA-4F8D-95D4-32DDF27D184C}
		SccTeamFoundationServer = https://tjc1575.visualstudio.com/defaultcollection
		SccLocalPath0 = .
		SccProjectUniqueName1 = MathLib\\MathLib.csproj
		SccProjectName1 = MathLib
		SccLocalPath1 = MathLib
		SccProjectUniqueName2 = MathLibUnitTests\\MathLibUnitTests.csproj
		SccProjectName2 = MathLibUnitTests
		SccLocalPath2 = MathLibUnitTests
	EndGlobalSection
	GlobalSection(SolutionConfigurationPlatforms) = preSolution
		Debug|Any CPU = Debug|Any CPU
		Release|Any CPU = Release|Any CPU
	EndGlobalSection
	GlobalSection(ProjectConfigurationPlatforms) = postSolution
		{17BCBFBA-A144-4F8F-9A2D-52D32BEE4537}.Debug|Any CPU.ActiveCfg = Debug|Any CPU
		{17BCBFBA-A144-4F8F-9A2D-52D32BEE4537}.Debug|Any CPU.Build.0 = Debug|Any CPU
		{17BCBFBA-A144-4F8F-9A2D-52D32BEE4537}.Release|Any CPU.ActiveCfg = Release|Any CPU
		{17BCBFBA-A144-4F8F-9A2D-52D32BEE4537}.Release|Any CPU.Build.0 = Release|Any CPU
		{AFC467D3-609F-4F28-A42C-D13DB69FB743}.Debug|Any CPU.ActiveCfg = Debug|Any CPU
		{AFC467D3-609F-4F28-A42C-D13DB69FB743}.Debug|Any CPU.Build.0 = Debug|Any CPU
		{AFC467D3-609F-4F28-A42C-D13DB69FB743}.Release|Any CPU.ActiveCfg = Release|Any CPU
		{AFC467D3-609F-4F28-A42C-D13DB69FB743}.Release|Any CPU.Build.0 = Release|Any CPU
	EndGlobalSection
	GlobalSection(SolutionProperties) = preSolution
		HideSolutionNode = FALSE
	EndGlobalSection
EndGlobal
